// !$*UTF8*$!
{
	archiveVersion = 1;
	classes = {
	};
	objectVersion = 50;
	objects = {

/* Begin PBXBuildFile section */
		C80B3C7923E146BC00BCE7BC /* AppDelegate.swift in Sources */ = {isa = PBXBuildFile; fileRef = C80B3C7823E146BC00BCE7BC /* AppDelegate.swift */; };
		C80B3C7B23E146BC00BCE7BC /* SceneDelegate.swift in Sources */ = {isa = PBXBuildFile; fileRef = C80B3C7A23E146BC00BCE7BC /* SceneDelegate.swift */; };
		C80B3C7D23E146BC00BCE7BC /* ViewController.swift in Sources */ = {isa = PBXBuildFile; fileRef = C80B3C7C23E146BC00BCE7BC /* ViewController.swift */; };
		C80B3C8023E146BC00BCE7BC /* Main.storyboard in Resources */ = {isa = PBXBuildFile; fileRef = C80B3C7E23E146BC00BCE7BC /* Main.storyboard */; };
		C80B3C8223E146BE00BCE7BC /* Assets.xcassets in Resources */ = {isa = PBXBuildFile; fileRef = C80B3C8123E146BE00BCE7BC /* Assets.xcassets */; };
		C80B3C8523E146BE00BCE7BC /* LaunchScreen.storyboard in Resources */ = {isa = PBXBuildFile; fileRef = C80B3C8323E146BE00BCE7BC /* LaunchScreen.storyboard */; };
/* End PBXBuildFile section */

/* Begin PBXFileReference section */
		C80B3C7523E146BC00BCE7BC /* Toonkung.app */ = {isa = PBXFileReference; explicitFileType = wrapper.application; includeInIndex = 0; path = Toonkung.app; sourceTree = BUILT_PRODUCTS_DIR; };
		C80B3C7823E146BC00BCE7BC /* AppDelegate.swift */ = {isa = PBXFileReference; lastKnownFileType = sourcecode.swift; path = AppDelegate.swift; sourceTree = "<group>"; };
		C80B3C7A23E146BC00BCE7BC /* SceneDelegate.swift */ = {isa = PBXFileReference; lastKnownFileType = sourcecode.swift; path = SceneDelegate.swift; sourceTree = "<group>"; };
		C80B3C7C23E146BC00BCE7BC /* ViewController.swift */ = {isa = PBXFileReference; lastKnownFileType = sourcecode.swift; path = ViewController.swift; sourceTree = "<group>"; };
		C80B3C7F23E146BC00BCE7BC /* Base */ = {isa = PBXFileReference; lastKnownFileType = file.storyboard; name = Base; path = Base.lproj/Main.storyboard; sourceTree = "<group>"; };
		C80B3C8123E146BE00BCE7BC /* Assets.xcassets */ = {isa = PBXFileReference; lastKnownFileType = folder.assetcatalog; path = Assets.xcassets; sourceTree = "<group>"; };
		C80B3C8423E146BE00BCE7BC /* Base */ = {isa = PBXFileReference; lastKnownFileType = file.storyboard; name = Base; path = Base.lproj/LaunchScreen.storyboard; sourceTree = "<group>"; };
		C80B3C8623E146BE00BCE7BC /* Info.plist */ = {isa = PBXFileReference; lastKnownFileType = text.plist.xml; path = Info.plist; sourceTree = "<group>"; };
/* End PBXFileReference section */

/* Begin PBXFrameworksBuildPhase section */
		C80B3C7223E146BC00BCE7BC /* Frameworks */ = {
			isa = PBXFrameworksBuildPhase;
			buildActionMask = 2147483647;
			files = (
			);
			runOnlyForDeploymentPostprocessing = 0;
		};
/* End PBXFrameworksBuildPhase section */

/* Begin PBXGroup section */
		C80B3C6C23E146BC00BCE7BC = {
			isa = PBXGroup;
			children = (
				C80B3C7723E146BC00BCE7BC /* Toonkung */,
				C80B3C7623E146BC00BCE7BC /* Products */,
			);
			sourceTree = "<group>";
		};
		C80B3C7623E146BC00BCE7BC /* Products */ = {
			isa = PBXGroup;
			children = (
				C80B3C7523E146BC00BCE7BC /* Toonkung.app */,
			);
			name = Products;
			sourceTree = "<group>";
		};
		C80B3C7723E146BC00BCE7BC /* Toonkung */ = {
			isa = PBXGroup;
			children = (
				C80B3C7823E146BC00BCE7BC /* AppDelegate.swift */,
				C80B3C7A23E146BC00BCE7BC /* SceneDelegate.swift */,
				C80B3C7C23E146BC00BCE7BC /* ViewController.swift */,
				C80B3C7E23E146BC00BCE7BC /* Main.storyboard */,
				C80B3C8123E146BE00BCE7BC /* Assets.xcassets */,
				C80B3C8323E146BE00BCE7BC /* LaunchScreen.storyboard */,
				C80B3C8623E146BE00BCE7BC /* Info.plist */,
			);
			path = Toonkung;
			sourceTree = "<group>";
		};
/* End PBXGroup section */

/* Begin PBXNativeTarget section */
		C80B3C7423E146BC00BCE7BC /* Toonkung */ = {
			isa = PBXNativeTarget;
			buildConfigurationList = C80B3C8923E146BE00BCE7BC /* Build configuration list for PBXNativeTarget "Toonkung" */;
			buildPhases = (
				C80B3C7123E146BC00BCE7BC /* Sources */,
				C80B3C7223E146BC00BCE7BC /* Frameworks */,
				C80B3C7323E146BC00BCE7BC /* Resources */,
			);
			buildRules = (
			);
			dependencies = (
			);
			name = Toonkung;
			productName = Toonkung;
			productReference = C80B3C7523E146BC00BCE7BC /* Toonkung.app */;
			productType = "com.apple.product-type.application";
		};
/* End PBXNativeTarget section */

/* Begin PBXProject section */
		C80B3C6D23E146BC00BCE7BC /* Project object */ = {
			isa = PBXProject;
			attributes = {
				LastSwiftUpdateCheck = 1130;
				LastUpgradeCheck = 1130;
				ORGANIZATIONNAME = "Kanokporn Wongwaitayakul";
				TargetAttributes = {
					C80B3C7423E146BC00BCE7BC = {
						CreatedOnToolsVersion = 11.3.1;
					};
				};
			};
			buildConfigurationList = C80B3C7023E146BC00BCE7BC /* Build configuration list for PBXProject "Toonkung" */;
			compatibilityVersion = "Xcode 9.3";
			developmentRegion = en;
			hasScannedForEncodings = 0;
			knownRegions = (
				en,
				Base,
			);
			mainGroup = C80B3C6C23E146BC00BCE7BC;
			productRefGroup = C80B3C7623E146BC00BCE7BC /* Products */;
			projectDirPath = "";
			projectRoot = "";
			targets = (
				C80B3C7423E146BC00BCE7BC /* Toonkung */,
			);
		};
/* End PBXProject section */

/* Begin PBXResourcesBuildPhase section */
		C80B3C7323E146BC00BCE7BC /* Resources */ = {
			isa = PBXResourcesBuildPhase;
			buildActionMask = 2147483647;
			files = (
				C80B3C8523E146BE00BCE7BC /* LaunchScreen.storyboard in Resources */,
				C80B3C8223E146BE00BCE7BC /* Assets.xcassets in Resources */,
				C80B3C8023E146BC00BCE7BC /* Main.storyboard in Resources */,
			);
			runOnlyForDeploymentPostprocessing = 0;
		};
/* End PBXResourcesBuildPhase section */

/* Begin PBXSourcesBuildPhase section */
		C80B3C7123E146BC00BCE7BC /* Sources */ = {
			isa = PBXSourcesBuildPhase;
			buildActionMask = 2147483647;
			files = (
				C80B3C7D23E146BC00BCE7BC /* ViewController.swift in Sources */,
				C80B3C7923E146BC00BCE7BC /* AppDelegate.swift in Sources */,
				C80B3C7B23E146BC00BCE7BC /* SceneDelegate.swift in Sources */,
			);
			runOnlyForDeploymentPostprocessing = 0;
		};
/* End PBXSourcesBuildPhase section */

/* Begin PBXVariantGroup section */
		C80B3C7E23E146BC00BCE7BC /* Main.storyboard */ = {
			isa = PBXVariantGroup;
			children = (
				C80B3C7F23E146BC00BCE7BC /* Base */,
			);
			name = Main.storyboard;
			sourceTree = "<group>";
		};
		C80B3C8323E146BE00BCE7BC /* LaunchScreen.storyboard */ = {
			isa = PBXVariantGroup;
			children = (
				C80B3C8423E146BE00BCE7BC /* Base */,
			);
			name = LaunchScreen.storyboard;
			sourceTree = "<group>";
		};
/* End PBXVariantGroup section */

/* Begin XCBuildConfiguration section */
		C80B3C8723E146BE00BCE7BC /* Debug */ = {
			isa = XCBuildConfiguration;
			buildSettings = {
				ALWAYS_SEARCH_USER_PATHS = NO;
				CLANG_ANALYZER_NONNULL = YES;
				CLANG_ANALYZER_NUMBER_OBJECT_CONVERSION = YES_AGGRESSIVE;
				CLANG_CXX_LANGUAGE_STANDARD = "gnu++14";
				CLANG_CXX_LIBRARY = "libc++";
				CLANG_ENABLE_MODULES = YES;
				CLANG_ENABLE_OBJC_ARC = YES;
				CLANG_ENABLE_OBJC_WEAK = YES;
				CLANG_WARN_BLOCK_CAPTURE_AUTORELEASING = YES;
				CLANG_WARN_BOOL_CONVERSION = YES;
				CLANG_WARN_COMMA = YES;
				CLANG_WARN_CONSTANT_CONVERSION = YES;
				CLANG_WARN_DEPRECATED_OBJC_IMPLEMENTATIONS = YES;
				CLANG_WARN_DIRECT_OBJC_ISA_USAGE = YES_ERROR;
				CLANG_WARN_DOCUMENTATION_COMMENTS = YES;
				CLANG_WARN_EMPTY_BODY = YES;
				CLANG_WARN_ENUM_CONVERSION = YES;
				CLANG_WARN_INFINITE_RECURSION = YES;
				CLANG_WARN_INT_CONVERSION = YES;
				CLANG_WARN_NON_LITERAL_NULL_CONVERSION = YES;
				CLANG_WARN_OBJC_IMPLICIT_RETAIN_SELF = YES;
				CLANG_WARN_OBJC_LITERAL_CONVERSION = YES;
				CLANG_WARN_OBJC_ROOT_CLASS = YES_ERROR;
				CLANG_WARN_RANGE_LOOP_ANALYSIS = YES;
				CLANG_WARN_STRICT_PROTOTYPES = YES;
				CLANG_WARN_SUSPICIOUS_MOVE = YES;
				CLANG_WARN_UNGUARDED_AVAILABILITY = YES_AGGRESSIVE;
				CLANG_WARN_UNREACHABLE_CODE = YES;
				CLANG_WARN__DUPLICATE_METHOD_MATCH = YES;
				COPY_PHASE_STRIP = NO;
				DEBUG_INFORMATION_FORMAT = dwarf;
				ENABLE_STRICT_OBJC_MSGSEND = YES;
				ENABLE_TESTABILITY = YES;
				GCC_C_LANGUAGE_STANDARD = gnu11;
				GCC_DYNAMIC_NO_PIC = NO;
				GCC_NO_COMMON_BLOCKS = YES;
				GCC_OPTIMIZATION_LEVEL = 0;
				GCC_PREPROCESSOR_DEFINITIONS = (
					"DEBUG=1",
					"$(inherited)",
				);
				GCC_WARN_64_TO_32_BIT_CONVERSION = YES;
				GCC_WARN_ABOUT_RETURN_TYPE = YES_ERROR;
				GCC_WARN_UNDECLARED_SELECTOR = YES;
				GCC_WARN_UNINITIALIZED_AUTOS = YES_AGGRESSIVE;
				GCC_WARN_UNUSED_FUNCTION = YES;
				GCC_WARN_UNUSED_VARIABLE = YES;
				IPHONEOS_DEPLOYMENT_TARGET = 13.2;
				MTL_ENABLE_DEBUG_INFO = INCLUDE_SOURCE;
				MTL_FAST_MATH = YES;
				ONLY_ACTIVE_ARCH = YES;
				SDKROOT = iphoneos;
				SWIFT_ACTIVE_COMPILATION_CONDITIONS = DEBUG;
				SWIFT_OPTIMIZATION_LEVEL = "-Onone";
			};
			name = Debug;
		};
		C80B3C8823E146BE00BCE7BC /* Release */ = {
			isa = XCBuildConfiguration;
			buildSettings = {
				ALWAYS_SEARCH_USER_PATHS = NO;
				CLANG_ANALYZER_NONNULL = YES;
				CLANG_ANALYZER_NUMBER_OBJECT_CONVERSION = YES_AGGRESSIVE;
				CLANG_CXX_LANGUAGE_STANDARD = "gnu++14";
				CLANG_CXX_LIBRARY = "libc++";
				CLANG_ENABLE_MODULES = YES;
				CLANG_ENABLE_OBJC_ARC = YES;
				CLANG_ENABLE_OBJC_WEAK = YES;
				CLANG_WARN_BLOCK_CAPTURE_AUTORELEASING = YES;
				CLANG_WARN_BOOL_CONVERSION = YES;
				CLANG_WARN_COMMA = YES;
				CLANG_WARN_CONSTANT_CONVERSION = YES;
				CLANG_WARN_DEPRECATED_OBJC_IMPLEMENTATIONS = YES;
				CLANG_WARN_DIRECT_OBJC_ISA_USAGE = YES_ERROR;
				CLANG_WARN_DOCUMENTATION_COMMENTS = YES;
				CLANG_WARN_EMPTY_BODY = YES;
				CLANG_WARN_ENUM_CONVERSION = YES;
				CLANG_WARN_INFINITE_RECURSION = YES;
				CLANG_WARN_INT_CONVERSION = YES;
				CLANG_WARN_NON_LITERAL_NULL_CONVERSION = YES;
				CLANG_WARN_OBJC_IMPLICIT_RETAIN_SELF = YES;
				CLANG_WARN_OBJC_LITERAL_CONVERSION = YES;
				CLANG_WARN_OBJC_ROOT_CLASS = YES_ERROR;
				CLANG_WARN_RANGE_LOOP_ANALYSIS = YES;
				CLANG_WARN_STRICT_PROTOTYPES = YES;
				CLANG_WARN_SUSPICIOUS_MOVE = YES;
				CLANG_WARN_UNGUARDED_AVAILABILITY = YES_AGGRESSIVE;
				CLANG_WARN_UNREACHABLE_CODE = YES;
				CLANG_WARN__DUPLICATE_METHOD_MATCH = YES;
				COPY_PHASE_STRIP = NO;
				DEBUG_INFORMATION_FORMAT = "dwarf-with-dsym";
				ENABLE_NS_ASSERTIONS = NO;
				ENABLE_STRICT_OBJC_MSGSEND = YES;
				GCC_C_LANGUAGE_STANDARD = gnu11;
				GCC_NO_COMMON_BLOCKS = YES;
				GCC_WARN_64_TO_32_BIT_CONVERSION = YES;
				GCC_WARN_ABOUT_RETURN_TYPE = YES_ERROR;
				GCC_WARN_UNDECLARED_SELECTOR = YES;
				GCC_WARN_UNINITIALIZED_AUTOS = YES_AGGRESSIVE;
				GCC_WARN_UNUSED_FUNCTION = YES;
				GCC_WARN_UNUSED_VARIABLE = YES;
				IPHONEOS_DEPLOYMENT_TARGET = 13.2;
				MTL_ENABLE_DEBUG_INFO = NO;
				MTL_FAST_MATH = YES;
				SDKROOT = iphoneos;
				SWIFT_COMPILATION_MODE = wholemodule;
				SWIFT_OPTIMIZATION_LEVEL = "-O";
				VALIDATE_PRODUCT = YES;
			};
			name = Release;
		};
		C80B3C8A23E146BE00BCE7BC /* Debug */ = {
			isa = XCBuildConfiguration;
			buildSettings = {
				ASSETCATALOG_COMPILER_APPICON_NAME = AppIcon;
				CODE_SIGN_STYLE = Automatic;
				DEVELOPMENT_TEAM = NK47D3F5VR;
				INFOPLIST_FILE = Toonkung/Info.plist;
				LD_RUNPATH_SEARCH_PATHS = (
					"$(inherited)",
					"@executable_path/Frameworks",
				);
				PRODUCT_BUNDLE_IDENTIFIER = WWK.Toonkung;
				PRODUCT_NAME = "$(TARGET_NAME)";
				SWIFT_VERSION = 5.0;
				TARGETED_DEVICE_FAMILY = "1,2";
			};
			name = Debug;
		};
		C80B3C8B23E146BE00BCE7BC /* Release */ = {
			isa = XCBuildConfiguration;
			buildSettings = {
				ASSETCATALOG_COMPILER_APPICON_NAME = AppIcon;
				CODE_SIGN_STYLE = Automatic;
				DEVELOPMENT_TEAM = NK47D3F5VR;
				INFOPLIST_FILE = Toonkung/Info.plist;
				LD_RUNPATH_SEARCH_PATHS = (
					"$(inherited)",
					"@executable_path/Frameworks",
				);
				PRODUCT_BUNDLE_IDENTIFIER = WWK.Toonkung;
				PRODUCT_NAME = "$(TARGET_NAME)";
				SWIFT_VERSION = 5.0;
				TARGETED_DEVICE_FAMILY = "1,2";
			};
			name = Release;
		};
/* End XCBuildConfiguration section */

/* Begin XCConfigurationList section */
		C80B3C7023E146BC00BCE7BC /* Build configuration list for PBXProject "Toonkung" */ = {
			isa = XCConfigurationList;
			buildConfigurations = (
				C80B3C8723E146BE00BCE7BC /* Debug */,
				C80B3C8823E146BE00BCE7BC /* Release */,
			);
			defaultConfigurationIsVisible = 0;
			defaultConfigurationName = Release;
		};
		C80B3C8923E146BE00BCE7BC /* Build configuration list for PBXNativeTarget "Toonkung" */ = {
			isa = XCConfigurationList;
			buildConfigurations = (
				C80B3C8A23E146BE00BCE7BC /* Debug */,
				C80B3C8B23E146BE00BCE7BC /* Release */,
			);
			defaultConfigurationIsVisible = 0;
			defaultConfigurationName = Release;
		};
/* End XCConfigurationList section */
	};
	rootObject = C80B3C6D23E146BC00BCE7BC /* Project object */;
}
